
Microsoft Visual Studio Solution File, Format Version 12.00
Project("{FAE04EC0-301F-11D3-BF4B-00C04F79EFBC}") = "BrainLetTranslator", "BrainLetTranslator\BrainLetTranslator.csproj", "{13F7D1B8-04EC-459F-B990-AB0F0B18C686}"
EndProject
Global
	GlobalSection(SolutionConfigurationPlatforms) = preSolution
		Debug|Any CPU = Debug|Any CPU
		Release|Any CPU = Release|Any CPU
	EndGlobalSection
	GlobalSection(ProjectConfigurationPlatforms) = postSolution
		{13F7D1B8-04EC-459F-B990-AB0F0B18C686}.Debug|Any CPU.ActiveCfg = Debug|Any CPU
		{13F7D1B8-04EC-459F-B990-AB0F0B18C686}.Debug|Any CPU.Build.0 = Debug|Any CPU
		{13F7D1B8-04EC-459F-B990-AB0F0B18C686}.Release|Any CPU.ActiveCfg = Release|Any CPU
		{13F7D1B8-04EC-459F-B990-AB0F0B18C686}.Release|Any CPU.Build.0 = Release|Any CPU
	EndGlobalSection
EndGlobal
